
Microsoft Visual Studio Solution File, Format Version 12.00
# Visual Studio Version 17
VisualStudioVersion = 17.8.34322.80
MinimumVisualStudioVersion = 10.0.40219.1
Project("{FAE04EC0-301F-11D3-BF4B-00C04F79EFBC}") = "Split Command", "Split Command\Split Command.csproj", "{18E700EA-BF62-4A0E-9D10-5ED7EB11E840}"
EndProject
Global
	GlobalSection(SolutionConfigurationPlatforms) = preSolution
		Debug|Any CPU = Debug|Any CPU
		Release|Any CPU = Release|Any CPU
	EndGlobalSection
	GlobalSection(ProjectConfigurationPlatforms) = postSolution
		{18E700EA-BF62-4A0E-9D10-5ED7EB11E840}.Debug|Any CPU.ActiveCfg = Debug|Any CPU
		{18E700EA-BF62-4A0E-9D10-5ED7EB11E840}.Debug|Any CPU.Build.0 = Debug|Any CPU
		{18E700EA-BF62-4A0E-9D10-5ED7EB11E840}.Release|Any CPU.ActiveCfg = Release|Any CPU
		{18E700EA-BF62-4A0E-9D10-5ED7EB11E840}.Release|Any CPU.Build.0 = Release|Any CPU
	EndGlobalSection
	GlobalSection(SolutionProperties) = preSolution
		HideSolutionNode = FALSE
	EndGlobalSection
	GlobalSection(ExtensibilityGlobals) = postSolution
		SolutionGuid = {C0775C0D-891D-4577-A6A9-88A8250C47A5}
	EndGlobalSection
EndGlobal
